
Microsoft Visual Studio Solution File, Format Version 12.00
# Visual Studio Version 17
VisualStudioVersion = 17.0.31903.59
MinimumVisualStudioVersion = 10.0.40219.1
Project("{9A19103F-16F7-4668-BE54-9A1E7A4F7556}") = "PGCDemuxCS", "PGCDemuxCS\PGCDemuxCS.csproj", "{5B12F694-A2BD-4E7A-AF4C-5CFB03633DFF}"
EndProject
Project("{FAE04EC0-301F-11D3-BF4B-00C04F79EFBC}") = "TestProgram", "TestProgram\TestProgram.csproj", "{FC78BEE8-93FE-44BF-AD6A-E43BA8C285F1}"
EndProject
Global
	GlobalSection(SolutionConfigurationPlatforms) = preSolution
		Debug|Any CPU = Debug|Any CPU
		Release|Any CPU = Release|Any CPU
	EndGlobalSection
	GlobalSection(ProjectConfigurationPlatforms) = postSolution
		{5B12F694-A2BD-4E7A-AF4C-5CFB03633DFF}.Debug|Any CPU.ActiveCfg = Debug|Any CPU
		{5B12F694-A2BD-4E7A-AF4C-5CFB03633DFF}.Debug|Any CPU.Build.0 = Debug|Any CPU
		{5B12F694-A2BD-4E7A-AF4C-5CFB03633DFF}.Release|Any CPU.ActiveCfg = Release|Any CPU
		{5B12F694-A2BD-4E7A-AF4C-5CFB03633DFF}.Release|Any CPU.Build.0 = Release|Any CPU
		{FC78BEE8-93FE-44BF-AD6A-E43BA8C285F1}.Debug|Any CPU.ActiveCfg = Debug|Any CPU
		{FC78BEE8-93FE-44BF-AD6A-E43BA8C285F1}.Debug|Any CPU.Build.0 = Debug|Any CPU
		{FC78BEE8-93FE-44BF-AD6A-E43BA8C285F1}.Release|Any CPU.ActiveCfg = Release|Any CPU
		{FC78BEE8-93FE-44BF-AD6A-E43BA8C285F1}.Release|Any CPU.Build.0 = Release|Any CPU
	EndGlobalSection
	GlobalSection(SolutionProperties) = preSolution
		HideSolutionNode = FALSE
	EndGlobalSection
	GlobalSection(ExtensibilityGlobals) = postSolution
		SolutionGuid = {5FE84DAD-8BED-4578-9C51-6401E253C97D}
	EndGlobalSection
EndGlobal
